
Microsoft Visual Studio Solution File, Format Version 12.00
# Visual Studio Version 16
VisualStudioVersion = 16.0.30611.23
MinimumVisualStudioVersion = 15.0.26124.0
Project("{FAE04EC0-301F-11D3-BF4B-00C04F79EFBC}") = "Ealen.AdGuard.App", "src\Ealen.AdGuard.App\Ealen.AdGuard.App.csproj", "{D05653FD-C5CE-4282-8D35-E899FEFCEA05}"
EndProject
Project("{2150E333-8FDC-42A3-9474-1A3956D46DE8}") = "00.items", "00.items", "{1E3D8E9A-0BBD-46A7-9EEE-699DA45F3853}"
EndProject
Project("{2150E333-8FDC-42A3-9474-1A3956D46DE8}") = "01.src", "01.src", "{C2A0A5B0-16BE-4E12-8F98-141502D2653C}"
EndProject
Project("{2150E333-8FDC-42A3-9474-1A3956D46DE8}") = "02.tests", "02.tests", "{0D6F699F-7098-4022-8781-371E2D582C3B}"
EndProject
Project("{FAE04EC0-301F-11D3-BF4B-00C04F79EFBC}") = "Ealen.AdGuard.App.Tests", "tests\Ealen.AdGuard.App.Tests\Ealen.AdGuard.App.Tests.csproj", "{76C54DA8-10D8-4BC5-AE31-767C4F1FEDA0}"
EndProject
Global
	GlobalSection(SolutionConfigurationPlatforms) = preSolution
		Debug|Any CPU = Debug|Any CPU
		Debug|x64 = Debug|x64
		Debug|x86 = Debug|x86
		Release|Any CPU = Release|Any CPU
		Release|x64 = Release|x64
		Release|x86 = Release|x86
	EndGlobalSection
	GlobalSection(ProjectConfigurationPlatforms) = postSolution
		{D05653FD-C5CE-4282-8D35-E899FEFCEA05}.Debug|Any CPU.ActiveCfg = Debug|Any CPU
		{D05653FD-C5CE-4282-8D35-E899FEFCEA05}.Debug|Any CPU.Build.0 = Debug|Any CPU
		{D05653FD-C5CE-4282-8D35-E899FEFCEA05}.Debug|x64.ActiveCfg = Debug|Any CPU
		{D05653FD-C5CE-4282-8D35-E899FEFCEA05}.Debug|x64.Build.0 = Debug|Any CPU
		{D05653FD-C5CE-4282-8D35-E899FEFCEA05}.Debug|x86.ActiveCfg = Debug|Any CPU
		{D05653FD-C5CE-4282-8D35-E899FEFCEA05}.Debug|x86.Build.0 = Debug|Any CPU
		{D05653FD-C5CE-4282-8D35-E899FEFCEA05}.Release|Any CPU.ActiveCfg = Release|Any CPU
		{D05653FD-C5CE-4282-8D35-E899FEFCEA05}.Release|Any CPU.Build.0 = Release|Any CPU
		{D05653FD-C5CE-4282-8D35-E899FEFCEA05}.Release|x64.ActiveCfg = Release|Any CPU
		{D05653FD-C5CE-4282-8D35-E899FEFCEA05}.Release|x64.Build.0 = Release|Any CPU
		{D05653FD-C5CE-4282-8D35-E899FEFCEA05}.Release|x86.ActiveCfg = Release|Any CPU
		{D05653FD-C5CE-4282-8D35-E899FEFCEA05}.Release|x86.Build.0 = Release|Any CPU
		{76C54DA8-10D8-4BC5-AE31-767C4F1FEDA0}.Debug|Any CPU.ActiveCfg = Debug|Any CPU
		{76C54DA8-10D8-4BC5-AE31-767C4F1FEDA0}.Debug|Any CPU.Build.0 = Debug|Any CPU
		{76C54DA8-10D8-4BC5-AE31-767C4F1FEDA0}.Debug|x64.ActiveCfg = Debug|Any CPU
		{76C54DA8-10D8-4BC5-AE31-767C4F1FEDA0}.Debug|x64.Build.0 = Debug|Any CPU
		{76C54DA8-10D8-4BC5-AE31-767C4F1FEDA0}.Debug|x86.ActiveCfg = Debug|Any CPU
		{76C54DA8-10D8-4BC5-AE31-767C4F1FEDA0}.Debug|x86.Build.0 = Debug|Any CPU
		{76C54DA8-10D8-4BC5-AE31-767C4F1FEDA0}.Release|Any CPU.ActiveCfg = Release|Any CPU
		{76C54DA8-10D8-4BC5-AE31-767C4F1FEDA0}.Release|Any CPU.Build.0 = Release|Any CPU
		{76C54DA8-10D8-4BC5-AE31-767C4F1FEDA0}.Release|x64.ActiveCfg = Release|Any CPU
		{76C54DA8-10D8-4BC5-AE31-767C4F1FEDA0}.Release|x64.Build.0 = Release|Any CPU
		{76C54DA8-10D8-4BC5-AE31-767C4F1FEDA0}.Release|x86.ActiveCfg = Release|Any CPU
		{76C54DA8-10D8-4BC5-AE31-767C4F1FEDA0}.Release|x86.Build.0 = Release|Any CPU
	EndGlobalSection
	GlobalSection(SolutionProperties) = preSolution
		HideSolutionNode = FALSE
	EndGlobalSection
	GlobalSection(NestedProjects) = preSolution
		{D05653FD-C5CE-4282-8D35-E899FEFCEA05} = {C2A0A5B0-16BE-4E12-8F98-141502D2653C}
		{76C54DA8-10D8-4BC5-AE31-767C4F1FEDA0} = {0D6F699F-7098-4022-8781-371E2D582C3B}
	EndGlobalSection
	GlobalSection(ExtensibilityGlobals) = postSolution
		SolutionGuid = {6B2BBE15-439F-4C7D-908C-F2FA3138D02B}
	EndGlobalSection
EndGlobal
